<?xml version="1.0" encoding="utf-8"?>
<Project ToolsVersion="4.0" xmlns="http://schemas.microsoft.com/developer/msbuild/2003">
  <ItemGroup>
    <Filter Include="main">
      <UniqueIdentifier>{40731fd9-be10-43e7-be47-99c82c6c804d}</UniqueIdentifier>
    </Filter>
    <Filter Include="other">
      <UniqueIdentifier>{ff987e3c-56ed-4af3-9ff4-9da3cd8d22e7}</UniqueIdentifier>
    </Filter>
  </ItemGroup>
  <ItemGroup>
    <ClInclude Include="src\main\resource.h">
      <Filter>main</Filter>
    </ClInclude>
    <ClInclude Include="src\types.hpp">
      <Filter>main</Filter>
    </ClInclude>
  </ItemGroup>
  <ItemGroup>
    <ClCompile Include="src\main\main.cpp">
      <Filter>main</Filter>
    </ClCompile>
  </ItemGroup>
  <ItemGroup>
    <ResourceCompile Include="src\main\resource.rc">
      <Filter>main</Filter>
    </ResourceCompile>
  </ItemGroup>
  <ItemGroup>
    <Image Include="icon.ico">
      <Filter>other</Filter>
    </Image>
  </ItemGroup>
  <ItemGroup>
    <Manifest Include="Multimupen.exe.Manifest">
      <Filter>other</Filter>
    </Manifest>
  </ItemGroup>
</Project>